
Microsoft Visual Studio Solution File, Format Version 12.00
# Visual Studio Version 17
VisualStudioVersion = 17.11.35312.102
MinimumVisualStudioVersion = 10.0.40219.1
Project("{FAE04EC0-301F-11D3-BF4B-00C04F79EFBC}") = "RESTServiceTestTeacher", "RESTServiceTestTeacher\RESTServiceTestTeacher.csproj", "{CCF1ED9C-F455-4476-8CAD-7C20E63B7A44}"
EndProject
Global
	GlobalSection(SolutionConfigurationPlatforms) = preSolution
		Debug|Any CPU = Debug|Any CPU
		Release|Any CPU = Release|Any CPU
	EndGlobalSection
	GlobalSection(ProjectConfigurationPlatforms) = postSolution
		{CCF1ED9C-F455-4476-8CAD-7C20E63B7A44}.Debug|Any CPU.ActiveCfg = Debug|Any CPU
		{CCF1ED9C-F455-4476-8CAD-7C20E63B7A44}.Debug|Any CPU.Build.0 = Debug|Any CPU
		{CCF1ED9C-F455-4476-8CAD-7C20E63B7A44}.Release|Any CPU.ActiveCfg = Release|Any CPU
		{CCF1ED9C-F455-4476-8CAD-7C20E63B7A44}.Release|Any CPU.Build.0 = Release|Any CPU
	EndGlobalSection
	GlobalSection(SolutionProperties) = preSolution
		HideSolutionNode = FALSE
	EndGlobalSection
	GlobalSection(ExtensibilityGlobals) = postSolution
		SolutionGuid = {AC56A70C-8C01-467F-96E1-7F14311E76DA}
	EndGlobalSection
EndGlobal
